
Microsoft Visual Studio Solution File, Format Version 12.00
# Visual Studio Version 17
VisualStudioVersion = 17.2.32505.173
MinimumVisualStudioVersion = 10.0.40219.1
Project("{2150E333-8FDC-42A3-9474-1A3956D46DE8}") = "Algorithms", "Algorithms", "{33279D1B-C9C6-46EF-A525-DF9CF0FE71BF}"
EndProject
Project("{2150E333-8FDC-42A3-9474-1A3956D46DE8}") = "Store", "Store", "{F2741DCA-7F61-498E-A742-4DF932AC43A7}"
EndProject
Project("{FAE04EC0-301F-11D3-BF4B-00C04F79EFBC}") = "Algorithms", "Algorithms\Algorithms.csproj", "{81433F75-B13C-4430-A297-B4E7F71BB547}"
EndProject
Global
	GlobalSection(SolutionConfigurationPlatforms) = preSolution
		Debug|Any CPU = Debug|Any CPU
		Release|Any CPU = Release|Any CPU
	EndGlobalSection
	GlobalSection(ProjectConfigurationPlatforms) = postSolution
		{81433F75-B13C-4430-A297-B4E7F71BB547}.Debug|Any CPU.ActiveCfg = Debug|Any CPU
		{81433F75-B13C-4430-A297-B4E7F71BB547}.Debug|Any CPU.Build.0 = Debug|Any CPU
		{81433F75-B13C-4430-A297-B4E7F71BB547}.Release|Any CPU.ActiveCfg = Release|Any CPU
		{81433F75-B13C-4430-A297-B4E7F71BB547}.Release|Any CPU.Build.0 = Release|Any CPU
	EndGlobalSection
	GlobalSection(SolutionProperties) = preSolution
		HideSolutionNode = FALSE
	EndGlobalSection
	GlobalSection(NestedProjects) = preSolution
		{81433F75-B13C-4430-A297-B4E7F71BB547} = {33279D1B-C9C6-46EF-A525-DF9CF0FE71BF}
	EndGlobalSection
	GlobalSection(ExtensibilityGlobals) = postSolution
		SolutionGuid = {7D59E593-189D-4E88-95A4-1401A12AA901}
	EndGlobalSection
EndGlobal
